
Microsoft Visual Studio Solution File, Format Version 12.00
# Visual Studio Version 17
VisualStudioVersion = 17.0.31903.59
MinimumVisualStudioVersion = 10.0.40219.1
Project("{2150E333-8FDC-42A3-9474-1A3956D46DE8}") = "src", "src", "{827E0CD3-B72D-47B6-A68D-7590B98EB39B}"
EndProject
Project("{FAE04EC0-301F-11D3-BF4B-00C04F79EFBC}") = "Ecommerce.API", "src\Ecommerce.API\Ecommerce.API.csproj", "{930390F2-7361-4079-9240-CE5A400E3B43}"
EndProject
Project("{FAE04EC0-301F-11D3-BF4B-00C04F79EFBC}") = "Ecommerce.Application", "src\Ecommerce.Application\Ecommerce.Application.csproj", "{21893B02-67FD-46C6-87AC-90D3CF1CA36D}"
EndProject
Project("{FAE04EC0-301F-11D3-BF4B-00C04F79EFBC}") = "Ecommerce.Domain", "src\Ecommerce.Domain\Ecommerce.Domain.csproj", "{3471987E-FA0C-4442-A8A0-3FE3CCC4D612}"
EndProject
Project("{FAE04EC0-301F-11D3-BF4B-00C04F79EFBC}") = "Ecommerce.Infrastructure", "src\Ecommerce.Infrastructure\Ecommerce.Infrastructure.csproj", "{73C902CB-41B4-43D3-8490-7E955129CB01}"
EndProject
Project("{2150E333-8FDC-42A3-9474-1A3956D46DE8}") = "tests", "tests", "{0AB3BF05-4346-4AA6-1389-037BE0695223}"
EndProject
Project("{FAE04EC0-301F-11D3-BF4B-00C04F79EFBC}") = "Ecommerce.API.Tests", "tests\Ecommerce.API.Tests\Ecommerce.API.Tests.csproj", "{4E1D14BF-10D0-47E6-B895-BE328C2B8FF7}"
EndProject
Global
	GlobalSection(SolutionConfigurationPlatforms) = preSolution
		Debug|Any CPU = Debug|Any CPU
		Debug|x64 = Debug|x64
		Debug|x86 = Debug|x86
		Release|Any CPU = Release|Any CPU
		Release|x64 = Release|x64
		Release|x86 = Release|x86
	EndGlobalSection
	GlobalSection(ProjectConfigurationPlatforms) = postSolution
		{930390F2-7361-4079-9240-CE5A400E3B43}.Debug|Any CPU.ActiveCfg = Debug|Any CPU
		{930390F2-7361-4079-9240-CE5A400E3B43}.Debug|Any CPU.Build.0 = Debug|Any CPU
		{930390F2-7361-4079-9240-CE5A400E3B43}.Debug|x64.ActiveCfg = Debug|Any CPU
		{930390F2-7361-4079-9240-CE5A400E3B43}.Debug|x64.Build.0 = Debug|Any CPU
		{930390F2-7361-4079-9240-CE5A400E3B43}.Debug|x86.ActiveCfg = Debug|Any CPU
		{930390F2-7361-4079-9240-CE5A400E3B43}.Debug|x86.Build.0 = Debug|Any CPU
		{930390F2-7361-4079-9240-CE5A400E3B43}.Release|Any CPU.ActiveCfg = Release|Any CPU
		{930390F2-7361-4079-9240-CE5A400E3B43}.Release|Any CPU.Build.0 = Release|Any CPU
		{930390F2-7361-4079-9240-CE5A400E3B43}.Release|x64.ActiveCfg = Release|Any CPU
		{930390F2-7361-4079-9240-CE5A400E3B43}.Release|x64.Build.0 = Release|Any CPU
		{930390F2-7361-4079-9240-CE5A400E3B43}.Release|x86.ActiveCfg = Release|Any CPU
		{930390F2-7361-4079-9240-CE5A400E3B43}.Release|x86.Build.0 = Release|Any CPU
		{21893B02-67FD-46C6-87AC-90D3CF1CA36D}.Debug|Any CPU.ActiveCfg = Debug|Any CPU
		{21893B02-67FD-46C6-87AC-90D3CF1CA36D}.Debug|Any CPU.Build.0 = Debug|Any CPU
		{21893B02-67FD-46C6-87AC-90D3CF1CA36D}.Debug|x64.ActiveCfg = Debug|Any CPU
		{21893B02-67FD-46C6-87AC-90D3CF1CA36D}.Debug|x64.Build.0 = Debug|Any CPU
		{21893B02-67FD-46C6-87AC-90D3CF1CA36D}.Debug|x86.ActiveCfg = Debug|Any CPU
		{21893B02-67FD-46C6-87AC-90D3CF1CA36D}.Debug|x86.Build.0 = Debug|Any CPU
		{21893B02-67FD-46C6-87AC-90D3CF1CA36D}.Release|Any CPU.ActiveCfg = Release|Any CPU
		{21893B02-67FD-46C6-87AC-90D3CF1CA36D}.Release|Any CPU.Build.0 = Release|Any CPU
		{21893B02-67FD-46C6-87AC-90D3CF1CA36D}.Release|x64.ActiveCfg = Release|Any CPU
		{21893B02-67FD-46C6-87AC-90D3CF1CA36D}.Release|x64.Build.0 = Release|Any CPU
		{21893B02-67FD-46C6-87AC-90D3CF1CA36D}.Release|x86.ActiveCfg = Release|Any CPU
		{21893B02-67FD-46C6-87AC-90D3CF1CA36D}.Release|x86.Build.0 = Release|Any CPU
		{3471987E-FA0C-4442-A8A0-3FE3CCC4D612}.Debug|Any CPU.ActiveCfg = Debug|Any CPU
		{3471987E-FA0C-4442-A8A0-3FE3CCC4D612}.Debug|Any CPU.Build.0 = Debug|Any CPU
		{3471987E-FA0C-4442-A8A0-3FE3CCC4D612}.Debug|x64.ActiveCfg = Debug|Any CPU
		{3471987E-FA0C-4442-A8A0-3FE3CCC4D612}.Debug|x64.Build.0 = Debug|Any CPU
		{3471987E-FA0C-4442-A8A0-3FE3CCC4D612}.Debug|x86.ActiveCfg = Debug|Any CPU
		{3471987E-FA0C-4442-A8A0-3FE3CCC4D612}.Debug|x86.Build.0 = Debug|Any CPU
		{3471987E-FA0C-4442-A8A0-3FE3CCC4D612}.Release|Any CPU.ActiveCfg = Release|Any CPU
		{3471987E-FA0C-4442-A8A0-3FE3CCC4D612}.Release|Any CPU.Build.0 = Release|Any CPU
		{3471987E-FA0C-4442-A8A0-3FE3CCC4D612}.Release|x64.ActiveCfg = Release|Any CPU
		{3471987E-FA0C-4442-A8A0-3FE3CCC4D612}.Release|x64.Build.0 = Release|Any CPU
		{3471987E-FA0C-4442-A8A0-3FE3CCC4D612}.Release|x86.ActiveCfg = Release|Any CPU
		{3471987E-FA0C-4442-A8A0-3FE3CCC4D612}.Release|x86.Build.0 = Release|Any CPU
		{73C902CB-41B4-43D3-8490-7E955129CB01}.Debug|Any CPU.ActiveCfg = Debug|Any CPU
		{73C902CB-41B4-43D3-8490-7E955129CB01}.Debug|Any CPU.Build.0 = Debug|Any CPU
		{73C902CB-41B4-43D3-8490-7E955129CB01}.Debug|x64.ActiveCfg = Debug|Any CPU
		{73C902CB-41B4-43D3-8490-7E955129CB01}.Debug|x64.Build.0 = Debug|Any CPU
		{73C902CB-41B4-43D3-8490-7E955129CB01}.Debug|x86.ActiveCfg = Debug|Any CPU
		{73C902CB-41B4-43D3-8490-7E955129CB01}.Debug|x86.Build.0 = Debug|Any CPU
		{73C902CB-41B4-43D3-8490-7E955129CB01}.Release|Any CPU.ActiveCfg = Release|Any CPU
		{73C902CB-41B4-43D3-8490-7E955129CB01}.Release|Any CPU.Build.0 = Release|Any CPU
		{73C902CB-41B4-43D3-8490-7E955129CB01}.Release|x64.ActiveCfg = Release|Any CPU
		{73C902CB-41B4-43D3-8490-7E955129CB01}.Release|x64.Build.0 = Release|Any CPU
		{73C902CB-41B4-43D3-8490-7E955129CB01}.Release|x86.ActiveCfg = Release|Any CPU
		{73C902CB-41B4-43D3-8490-7E955129CB01}.Release|x86.Build.0 = Release|Any CPU
		{4E1D14BF-10D0-47E6-B895-BE328C2B8FF7}.Debug|Any CPU.ActiveCfg = Debug|Any CPU
		{4E1D14BF-10D0-47E6-B895-BE328C2B8FF7}.Debug|Any CPU.Build.0 = Debug|Any CPU
		{4E1D14BF-10D0-47E6-B895-BE328C2B8FF7}.Debug|x64.ActiveCfg = Debug|Any CPU
		{4E1D14BF-10D0-47E6-B895-BE328C2B8FF7}.Debug|x64.Build.0 = Debug|Any CPU
		{4E1D14BF-10D0-47E6-B895-BE328C2B8FF7}.Debug|x86.ActiveCfg = Debug|Any CPU
		{4E1D14BF-10D0-47E6-B895-BE328C2B8FF7}.Debug|x86.Build.0 = Debug|Any CPU
		{4E1D14BF-10D0-47E6-B895-BE328C2B8FF7}.Release|Any CPU.ActiveCfg = Release|Any CPU
		{4E1D14BF-10D0-47E6-B895-BE328C2B8FF7}.Release|Any CPU.Build.0 = Release|Any CPU
		{4E1D14BF-10D0-47E6-B895-BE328C2B8FF7}.Release|x64.ActiveCfg = Release|Any CPU
		{4E1D14BF-10D0-47E6-B895-BE328C2B8FF7}.Release|x64.Build.0 = Release|Any CPU
		{4E1D14BF-10D0-47E6-B895-BE328C2B8FF7}.Release|x86.ActiveCfg = Release|Any CPU
		{4E1D14BF-10D0-47E6-B895-BE328C2B8FF7}.Release|x86.Build.0 = Release|Any CPU
	EndGlobalSection
	GlobalSection(SolutionProperties) = preSolution
		HideSolutionNode = FALSE
	EndGlobalSection
	GlobalSection(NestedProjects) = preSolution
		{930390F2-7361-4079-9240-CE5A400E3B43} = {827E0CD3-B72D-47B6-A68D-7590B98EB39B}
		{21893B02-67FD-46C6-87AC-90D3CF1CA36D} = {827E0CD3-B72D-47B6-A68D-7590B98EB39B}
		{3471987E-FA0C-4442-A8A0-3FE3CCC4D612} = {827E0CD3-B72D-47B6-A68D-7590B98EB39B}
		{73C902CB-41B4-43D3-8490-7E955129CB01} = {827E0CD3-B72D-47B6-A68D-7590B98EB39B}
		{4E1D14BF-10D0-47E6-B895-BE328C2B8FF7} = {0AB3BF05-4346-4AA6-1389-037BE0695223}
	EndGlobalSection
EndGlobal
